
Microsoft Visual Studio Solution File, Format Version 11.00
# Visual Studio 2010
Project("{FAE04EC0-301F-11D3-BF4B-00C04F79EFBC}") = "BowlingGame", "BowlingGame\BowlingGame.csproj", "{8AEE2283-6357-42BC-A25B-A782BCE2C93A}"
EndProject
Global
	GlobalSection(SolutionConfigurationPlatforms) = preSolution
		Debug|Any CPU = Debug|Any CPU
		Release|Any CPU = Release|Any CPU
	EndGlobalSection
	GlobalSection(ProjectConfigurationPlatforms) = postSolution
		{8AEE2283-6357-42BC-A25B-A782BCE2C93A}.Debug|Any CPU.ActiveCfg = Debug|Any CPU
		{8AEE2283-6357-42BC-A25B-A782BCE2C93A}.Debug|Any CPU.Build.0 = Debug|Any CPU
		{8AEE2283-6357-42BC-A25B-A782BCE2C93A}.Release|Any CPU.ActiveCfg = Release|Any CPU
		{8AEE2283-6357-42BC-A25B-A782BCE2C93A}.Release|Any CPU.Build.0 = Release|Any CPU
	EndGlobalSection
	GlobalSection(MonoDevelopProperties) = preSolution
		StartupItem = BowlingGame\BowlingGame.csproj
	EndGlobalSection
EndGlobal
